Microsoft Visual Studio Solution File, Format Version 12.00
# Visual Studio 15
VisualStudioVersion = 15.0.26430.6
MinimumVisualStudioVersion = 10.0.40219.1
Project("{2150E333-8FDC-42A3-9474-1A3956D46DE8}") = "e2etests", "e2etests", "{45E57CDC-7178-4915-8D0B-CF80F5E44AF6}"
EndProject
Project("{2150E333-8FDC-42A3-9474-1A3956D46DE8}") = "src", "src", "{28D05719-6DC4-4962-BC7E-75F9C72E695C}"
EndProject
Project("{9A19103F-16F7-4668-BE54-9A1E7A4F7556}") = "E2ETest", "e2etest\E2ETest\E2ETest.csproj", "{D8BBC92A-B213-463B-911D-3A106F91D5F9}"
EndProject
Project("{9A19103F-16F7-4668-BE54-9A1E7A4F7556}") = "E2ETestFramework", "e2etest\E2ETestFramework\E2ETestFramework.csproj", "{A2500BD2-A9A2-4085-9978-DEE3675B02DD}"
EndProject
Project("{2150E333-8FDC-42A3-9474-1A3956D46DE8}") = "unittest", "unittest", "{E71D0135-3872-467B-9C4C-D6B6FEF2665C}"
EndProject
Project("{9A19103F-16F7-4668-BE54-9A1E7A4F7556}") = "Microsoft.WindowsAzure.Mobile.Test", "unittest\Microsoft.WindowsAzure.MobileServices.Test\Microsoft.WindowsAzure.Mobile.Test.csproj", "{05B6709B-C25A-4C1D-8D61-9E05BEE0DB86}"
EndProject
Project("{9A19103F-16F7-4668-BE54-9A1E7A4F7556}") = "Microsoft.WindowsAzure.Mobile.TestFramework", "unittest\Microsoft.WindowsAzure.MobileServices.TestFramework\Microsoft.WindowsAzure.Mobile.TestFramework.csproj", "{3CFFB62F-3384-4D71-BADC-7542D5C31A9E}"
EndProject
Project("{9A19103F-16F7-4668-BE54-9A1E7A4F7556}") = "Microsoft.WindowsAzure.Mobile.SQLiteStore.Test", "unittest\Microsoft.WindowsAzure.MobileServices.SQLiteStore.Test\Microsoft.WindowsAzure.Mobile.SQLiteStore.Test.csproj", "{CD5D8A3A-5631-41BF-8161-8A2A7F892B71}"
EndProject
Project("{9A19103F-16F7-4668-BE54-9A1E7A4F7556}") = "Microsoft.Azure.Mobile.Client", "src\Microsoft.Azure.Mobile.Client\Microsoft.Azure.Mobile.Client.csproj", "{04FC5444-1240-41D7-9AA8-648B9A465C9D}"
EndProject
Project("{9A19103F-16F7-4668-BE54-9A1E7A4F7556}") = "Microsoft.Azure.Mobile.Client.SQLiteStore", "src\Microsoft.Azure.Mobile.Client.SQLiteStore\Microsoft.Azure.Mobile.Client.SQLiteStore.csproj", "{99C2F464-172A-4B49-93B7-9B0E4FED1310}"
EndProject
Global
	GlobalSection(SolutionConfigurationPlatforms) = preSolution
		AppStore|Any CPU = AppStore|Any CPU
		AppStore|ARM = AppStore|ARM
		AppStore|iPhone = AppStore|iPhone
		AppStore|iPhoneSimulator = AppStore|iPhoneSimulator
		AppStore|Mixed Platforms = AppStore|Mixed Platforms
		AppStore|x64 = AppStore|x64
		AppStore|x86 = AppStore|x86
		Debug|Any CPU = Debug|Any CPU
		Debug|ARM = Debug|ARM
		Debug|iPhone = Debug|iPhone
		Debug|iPhoneSimulator = Debug|iPhoneSimulator
		Debug|Mixed Platforms = Debug|Mixed Platforms
		Debug|x64 = Debug|x64
		Debug|x86 = Debug|x86
		Loqu8|Any CPU = Loqu8|Any CPU
		Loqu8|ARM = Loqu8|ARM
		Loqu8|iPhone = Loqu8|iPhone
		Loqu8|iPhoneSimulator = Loqu8|iPhoneSimulator
		Loqu8|Mixed Platforms = Loqu8|Mixed Platforms
		Loqu8|x64 = Loqu8|x64
		Loqu8|x86 = Loqu8|x86
		Release|Any CPU = Release|Any CPU
		Release|ARM = Release|ARM
		Release|iPhone = Release|iPhone
		Release|iPhoneSimulator = Release|iPhoneSimulator
		Release|Mixed Platforms = Release|Mixed Platforms
		Release|x64 = Release|x64
		Release|x86 = Release|x86
		SdkRel|Any CPU = SdkRel|Any CPU
		SdkRel|ARM = SdkRel|ARM
		SdkRel|iPhone = SdkRel|iPhone
		SdkRel|iPhoneSimulator = SdkRel|iPhoneSimulator
		SdkRel|Mixed Platforms = SdkRel|Mixed Platforms
		SdkRel|x64 = SdkRel|x64
		SdkRel|x86 = SdkRel|x86
		Signed|Any CPU = Signed|Any CPU
		Signed|ARM = Signed|ARM
		Signed|iPhone = Signed|iPhone
		Signed|iPhoneSimulator = Signed|iPhoneSimulator
		Signed|Mixed Platforms = Signed|Mixed Platforms
		Signed|x64 = Signed|x64
		Signed|x86 = Signed|x86
	EndGlobalSection
	GlobalSection(ProjectConfigurationPlatforms) = postSolution
		{D8BBC92A-B213-463B-911D-3A106F91D5F9}.AppStore|Any CPU.ActiveCfg = Loqu8|Any CPU
		{D8BBC92A-B213-463B-911D-3A106F91D5F9}.AppStore|Any CPU.Build.0 = Loqu8|Any CPU
		{D8BBC92A-B213-463B-911D-3A106F91D5F9}.AppStore|ARM.ActiveCfg = Loqu8|Any CPU
		{D8BBC92A-B213-463B-911D-3A106F91D5F9}.AppStore|ARM.Build.0 = Loqu8|Any CPU
		{D8BBC92A-B213-463B-911D-3A106F91D5F9}.AppStore|iPhone.ActiveCfg = Loqu8|Any CPU
		{D8BBC92A-B213-463B-911D-3A106F91D5F9}.AppStore|iPhone.Build.0 = Loqu8|Any CPU
		{D8BBC92A-B213-463B-911D-3A106F91D5F9}.AppStore|iPhoneSimulator.ActiveCfg = Loqu8|Any CPU
		{D8BBC92A-B213-463B-911D-3A106F91D5F9}.AppStore|iPhoneSimulator.Build.0 = Loqu8|Any CPU
		{D8BBC92A-B213-463B-911D-3A106F91D5F9}.AppStore|Mixed Platforms.ActiveCfg = Loqu8|Any CPU
		{D8BBC92A-B213-463B-911D-3A106F91D5F9}.AppStore|Mixed Platforms.Build.0 = Loqu8|Any CPU
		{D8BBC92A-B213-463B-911D-3A106F91D5F9}.AppStore|x64.ActiveCfg = Loqu8|Any CPU
		{D8BBC92A-B213-463B-911D-3A106F91D5F9}.AppStore|x64.Build.0 = Loqu8|Any CPU
		{D8BBC92A-B213-463B-911D-3A106F91D5F9}.AppStore|x86.ActiveCfg = Loqu8|Any CPU
		{D8BBC92A-B213-463B-911D-3A106F91D5F9}.AppStore|x86.Build.0 = Loqu8|Any CPU
		{D8BBC92A-B213-463B-911D-3A106F91D5F9}.Debug|Any CPU.ActiveCfg = Loqu8|Any CPU
		{D8BBC92A-B213-463B-911D-3A106F91D5F9}.Debug|Any CPU.Build.0 = Loqu8|Any CPU
		{D8BBC92A-B213-463B-911D-3A106F91D5F9}.Debug|ARM.ActiveCfg = Loqu8|Any CPU
		{D8BBC92A-B213-463B-911D-3A106F91D5F9}.Debug|ARM.Build.0 = Loqu8|Any CPU
		{D8BBC92A-B213-463B-911D-3A106F91D5F9}.Debug|iPhone.ActiveCfg = Loqu8|Any CPU
		{D8BBC92A-B213-463B-911D-3A106F91D5F9}.Debug|iPhone.Build.0 = Loqu8|Any CPU
		{D8BBC92A-B213-463B-911D-3A106F91D5F9}.Debug|iPhoneSimulator.ActiveCfg = Loqu8|Any CPU
		{D8BBC92A-B213-463B-911D-3A106F91D5F9}.Debug|iPhoneSimulator.Build.0 = Loqu8|Any CPU
		{D8BBC92A-B213-463B-911D-3A106F91D5F9}.Debug|Mixed Platforms.ActiveCfg = Loqu8|Any CPU
		{D8BBC92A-B213-463B-911D-3A106F91D5F9}.Debug|Mixed Platforms.Build.0 = Loqu8|Any CPU
		{D8BBC92A-B213-463B-911D-3A106F91D5F9}.Debug|x64.ActiveCfg = Loqu8|Any CPU
		{D8BBC92A-B213-463B-911D-3A106F91D5F9}.Debug|x64.Build.0 = Loqu8|Any CPU
		{D8BBC92A-B213-463B-911D-3A106F91D5F9}.Debug|x86.ActiveCfg = Loqu8|Any CPU
		{D8BBC92A-B213-463B-911D-3A106F91D5F9}.Debug|x86.Build.0 = Loqu8|Any CPU
		{D8BBC92A-B213-463B-911D-3A106F91D5F9}.Loqu8|Any CPU.ActiveCfg = Loqu8|Any CPU
		{D8BBC92A-B213-463B-911D-3A106F91D5F9}.Loqu8|ARM.ActiveCfg = Loqu8|Any CPU
		{D8BBC92A-B213-463B-911D-3A106F91D5F9}.Loqu8|ARM.Build.0 = Loqu8|Any CPU
		{D8BBC92A-B213-463B-911D-3A106F91D5F9}.Loqu8|iPhone.ActiveCfg = Loqu8|Any CPU
		{D8BBC92A-B213-463B-911D-3A106F91D5F9}.Loqu8|iPhone.Build.0 = Loqu8|Any CPU
		{D8BBC92A-B213-463B-911D-3A106F91D5F9}.Loqu8|iPhoneSimulator.ActiveCfg = Loqu8|Any CPU
		{D8BBC92A-B213-463B-911D-3A106F91D5F9}.Loqu8|iPhoneSimulator.Build.0 = Loqu8|Any CPU
		{D8BBC92A-B213-463B-911D-3A106F91D5F9}.Loqu8|Mixed Platforms.ActiveCfg = Loqu8|Any CPU
		{D8BBC92A-B213-463B-911D-3A106F91D5F9}.Loqu8|Mixed Platforms.Build.0 = Loqu8|Any CPU
		{D8BBC92A-B213-463B-911D-3A106F91D5F9}.Loqu8|x64.ActiveCfg = Loqu8|Any CPU
		{D8BBC92A-B213-463B-911D-3A106F91D5F9}.Loqu8|x64.Build.0 = Loqu8|Any CPU
		{D8BBC92A-B213-463B-911D-3A106F91D5F9}.Loqu8|x86.ActiveCfg = Loqu8|Any CPU
		{D8BBC92A-B213-463B-911D-3A106F91D5F9}.Loqu8|x86.Build.0 = Loqu8|Any CPU
		{D8BBC92A-B213-463B-911D-3A106F91D5F9}.Release|Any CPU.ActiveCfg = Loqu8|Any CPU
		{D8BBC92A-B213-463B-911D-3A106F91D5F9}.Release|Any CPU.Build.0 = Loqu8|Any CPU
		{D8BBC92A-B213-463B-911D-3A106F91D5F9}.Release|ARM.ActiveCfg = Loqu8|Any CPU
		{D8BBC92A-B213-463B-911D-3A106F91D5F9}.Release|ARM.Build.0 = Loqu8|Any CPU
		{D8BBC92A-B213-463B-911D-3A106F91D5F9}.Release|iPhone.ActiveCfg = Loqu8|Any CPU
		{D8BBC92A-B213-463B-911D-3A106F91D5F9}.Release|iPhone.Build.0 = Loqu8|Any CPU
		{D8BBC92A-B213-463B-911D-3A106F91D5F9}.Release|iPhoneSimulator.ActiveCfg = Loqu8|Any CPU
		{D8BBC92A-B213-463B-911D-3A106F91D5F9}.Release|iPhoneSimulator.Build.0 = Loqu8|Any CPU
		{D8BBC92A-B213-463B-911D-3A106F91D5F9}.Release|Mixed Platforms.ActiveCfg = Loqu8|Any CPU
		{D8BBC92A-B213-463B-911D-3A106F91D5F9}.Release|Mixed Platforms.Build.0 = Loqu8|Any CPU
		{D8BBC92A-B213-463B-911D-3A106F91D5F9}.Release|x64.ActiveCfg = Loqu8|Any CPU
		{D8BBC92A-B213-463B-911D-3A106F91D5F9}.Release|x64.Build.0 = Loqu8|Any CPU
		{D8BBC92A-B213-463B-911D-3A106F91D5F9}.Release|x86.ActiveCfg = Loqu8|Any CPU
		{D8BBC92A-B213-463B-911D-3A106F91D5F9}.Release|x86.Build.0 = Loqu8|Any CPU
		{D8BBC92A-B213-463B-911D-3A106F91D5F9}.SdkRel|Any CPU.ActiveCfg = Loqu8|Any CPU
		{D8BBC92A-B213-463B-911D-3A106F91D5F9}.SdkRel|Any CPU.Build.0 = Loqu8|Any CPU
		{D8BBC92A-B213-463B-911D-3A106F91D5F9}.SdkRel|ARM.ActiveCfg = Loqu8|Any CPU
		{D8BBC92A-B213-463B-911D-3A106F91D5F9}.SdkRel|ARM.Build.0 = Loqu8|Any CPU
		{D8BBC92A-B213-463B-911D-3A106F91D5F9}.SdkRel|iPhone.ActiveCfg = Loqu8|Any CPU
		{D8BBC92A-B213-463B-911D-3A106F91D5F9}.SdkRel|iPhone.Build.0 = Loqu8|Any CPU
		{D8BBC92A-B213-463B-911D-3A106F91D5F9}.SdkRel|iPhoneSimulator.ActiveCfg = Loqu8|Any CPU
		{D8BBC92A-B213-463B-911D-3A106F91D5F9}.SdkRel|iPhoneSimulator.Build.0 = Loqu8|Any CPU
		{D8BBC92A-B213-463B-911D-3A106F91D5F9}.SdkRel|Mixed Platforms.ActiveCfg = Loqu8|Any CPU
		{D8BBC92A-B213-463B-911D-3A106F91D5F9}.SdkRel|Mixed Platforms.Build.0 = Loqu8|Any CPU
		{D8BBC92A-B213-463B-911D-3A106F91D5F9}.SdkRel|x64.ActiveCfg = Loqu8|Any CPU
		{D8BBC92A-B213-463B-911D-3A106F91D5F9}.SdkRel|x64.Build.0 = Loqu8|Any CPU
		{D8BBC92A-B213-463B-911D-3A106F91D5F9}.SdkRel|x86.ActiveCfg = Loqu8|Any CPU
		{D8BBC92A-B213-463B-911D-3A106F91D5F9}.SdkRel|x86.Build.0 = Loqu8|Any CPU
		{D8BBC92A-B213-463B-911D-3A106F91D5F9}.Signed|Any CPU.ActiveCfg = Loqu8|Any CPU
		{D8BBC92A-B213-463B-911D-3A106F91D5F9}.Signed|Any CPU.Build.0 = Loqu8|Any CPU
		{D8BBC92A-B213-463B-911D-3A106F91D5F9}.Signed|ARM.ActiveCfg = Loqu8|Any CPU
		{D8BBC92A-B213-463B-911D-3A106F91D5F9}.Signed|ARM.Build.0 = Loqu8|Any CPU
		{D8BBC92A-B213-463B-911D-3A106F91D5F9}.Signed|iPhone.ActiveCfg = Loqu8|Any CPU
		{D8BBC92A-B213-463B-911D-3A106F91D5F9}.Signed|iPhone.Build.0 = Loqu8|Any CPU
		{D8BBC92A-B213-463B-911D-3A106F91D5F9}.Signed|iPhoneSimulator.ActiveCfg = Loqu8|Any CPU
		{D8BBC92A-B213-463B-911D-3A106F91D5F9}.Signed|iPhoneSimulator.Build.0 = Loqu8|Any CPU
		{D8BBC92A-B213-463B-911D-3A106F91D5F9}.Signed|Mixed Platforms.ActiveCfg = Loqu8|Any CPU
		{D8BBC92A-B213-463B-911D-3A106F91D5F9}.Signed|Mixed Platforms.Build.0 = Loqu8|Any CPU
		{D8BBC92A-B213-463B-911D-3A106F91D5F9}.Signed|x64.ActiveCfg = Loqu8|Any CPU
		{D8BBC92A-B213-463B-911D-3A106F91D5F9}.Signed|x64.Build.0 = Loqu8|Any CPU
		{D8BBC92A-B213-463B-911D-3A106F91D5F9}.Signed|x86.ActiveCfg = Loqu8|Any CPU
		{D8BBC92A-B213-463B-911D-3A106F91D5F9}.Signed|x86.Build.0 = Loqu8|Any CPU
		{A2500BD2-A9A2-4085-9978-DEE3675B02DD}.AppStore|Any CPU.ActiveCfg = Loqu8|Any CPU
		{A2500BD2-A9A2-4085-9978-DEE3675B02DD}.AppStore|Any CPU.Build.0 = Loqu8|Any CPU
		{A2500BD2-A9A2-4085-9978-DEE3675B02DD}.AppStore|ARM.ActiveCfg = Loqu8|Any CPU
		{A2500BD2-A9A2-4085-9978-DEE3675B02DD}.AppStore|ARM.Build.0 = Loqu8|Any CPU
		{A2500BD2-A9A2-4085-9978-DEE3675B02DD}.AppStore|iPhone.ActiveCfg = Loqu8|Any CPU
		{A2500BD2-A9A2-4085-9978-DEE3675B02DD}.AppStore|iPhone.Build.0 = Loqu8|Any CPU
		{A2500BD2-A9A2-4085-9978-DEE3675B02DD}.AppStore|iPhoneSimulator.ActiveCfg = Loqu8|Any CPU
		{A2500BD2-A9A2-4085-9978-DEE3675B02DD}.AppStore|iPhoneSimulator.Build.0 = Loqu8|Any CPU
		{A2500BD2-A9A2-4085-9978-DEE3675B02DD}.AppStore|Mixed Platforms.ActiveCfg = Loqu8|Any CPU
		{A2500BD2-A9A2-4085-9978-DEE3675B02DD}.AppStore|Mixed Platforms.Build.0 = Loqu8|Any CPU
		{A2500BD2-A9A2-4085-9978-DEE3675B02DD}.AppStore|x64.ActiveCfg = Loqu8|Any CPU
		{A2500BD2-A9A2-4085-9978-DEE3675B02DD}.AppStore|x64.Build.0 = Loqu8|Any CPU
		{A2500BD2-A9A2-4085-9978-DEE3675B02DD}.AppStore|x86.ActiveCfg = Loqu8|Any CPU
		{A2500BD2-A9A2-4085-9978-DEE3675B02DD}.AppStore|x86.Build.0 = Loqu8|Any CPU
		{A2500BD2-A9A2-4085-9978-DEE3675B02DD}.Debug|Any CPU.ActiveCfg = Loqu8|Any CPU
		{A2500BD2-A9A2-4085-9978-DEE3675B02DD}.Debug|Any CPU.Build.0 = Loqu8|Any CPU
		{A2500BD2-A9A2-4085-9978-DEE3675B02DD}.Debug|ARM.ActiveCfg = Loqu8|Any CPU
		{A2500BD2-A9A2-4085-9978-DEE3675B02DD}.Debug|ARM.Build.0 = Loqu8|Any CPU
		{A2500BD2-A9A2-4085-9978-DEE3675B02DD}.Debug|iPhone.ActiveCfg = Loqu8|Any CPU
		{A2500BD2-A9A2-4085-9978-DEE3675B02DD}.Debug|iPhone.Build.0 = Loqu8|Any CPU
		{A2500BD2-A9A2-4085-9978-DEE3675B02DD}.Debug|iPhoneSimulator.ActiveCfg = Loqu8|Any CPU
		{A2500BD2-A9A2-4085-9978-DEE3675B02DD}.Debug|iPhoneSimulator.Build.0 = Loqu8|Any CPU
		{A2500BD2-A9A2-4085-9978-DEE3675B02DD}.Debug|Mixed Platforms.ActiveCfg = Loqu8|Any CPU
		{A2500BD2-A9A2-4085-9978-DEE3675B02DD}.Debug|Mixed Platforms.Build.0 = Loqu8|Any CPU
		{A2500BD2-A9A2-4085-9978-DEE3675B02DD}.Debug|x64.ActiveCfg = Loqu8|Any CPU
		{A2500BD2-A9A2-4085-9978-DEE3675B02DD}.Debug|x64.Build.0 = Loqu8|Any CPU
		{A2500BD2-A9A2-4085-9978-DEE3675B02DD}.Debug|x86.ActiveCfg = Loqu8|Any CPU
		{A2500BD2-A9A2-4085-9978-DEE3675B02DD}.Debug|x86.Build.0 = Loqu8|Any CPU
		{A2500BD2-A9A2-4085-9978-DEE3675B02DD}.Loqu8|Any CPU.ActiveCfg = Loqu8|Any CPU
		{A2500BD2-A9A2-4085-9978-DEE3675B02DD}.Loqu8|ARM.ActiveCfg = Loqu8|Any CPU
		{A2500BD2-A9A2-4085-9978-DEE3675B02DD}.Loqu8|ARM.Build.0 = Loqu8|Any CPU
		{A2500BD2-A9A2-4085-9978-DEE3675B02DD}.Loqu8|iPhone.ActiveCfg = Loqu8|Any CPU
		{A2500BD2-A9A2-4085-9978-DEE3675B02DD}.Loqu8|iPhone.Build.0 = Loqu8|Any CPU
		{A2500BD2-A9A2-4085-9978-DEE3675B02DD}.Loqu8|iPhoneSimulator.ActiveCfg = Loqu8|Any CPU
		{A2500BD2-A9A2-4085-9978-DEE3675B02DD}.Loqu8|iPhoneSimulator.Build.0 = Loqu8|Any CPU
		{A2500BD2-A9A2-4085-9978-DEE3675B02DD}.Loqu8|Mixed Platforms.ActiveCfg = Loqu8|Any CPU
		{A2500BD2-A9A2-4085-9978-DEE3675B02DD}.Loqu8|Mixed Platforms.Build.0 = Loqu8|Any CPU
		{A2500BD2-A9A2-4085-9978-DEE3675B02DD}.Loqu8|x64.ActiveCfg = Loqu8|Any CPU
		{A2500BD2-A9A2-4085-9978-DEE3675B02DD}.Loqu8|x64.Build.0 = Loqu8|Any CPU
		{A2500BD2-A9A2-4085-9978-DEE3675B02DD}.Loqu8|x86.ActiveCfg = Loqu8|Any CPU
		{A2500BD2-A9A2-4085-9978-DEE3675B02DD}.Loqu8|x86.Build.0 = Loqu8|Any CPU
		{A2500BD2-A9A2-4085-9978-DEE3675B02DD}.Release|Any CPU.ActiveCfg = Loqu8|Any CPU
		{A2500BD2-A9A2-4085-9978-DEE3675B02DD}.Release|Any CPU.Build.0 = Loqu8|Any CPU
		{A2500BD2-A9A2-4085-9978-DEE3675B02DD}.Release|ARM.ActiveCfg = Loqu8|Any CPU
		{A2500BD2-A9A2-4085-9978-DEE3675B02DD}.Release|ARM.Build.0 = Loqu8|Any CPU
		{A2500BD2-A9A2-4085-9978-DEE3675B02DD}.Release|iPhone.ActiveCfg = Loqu8|Any CPU
		{A2500BD2-A9A2-4085-9978-DEE3675B02DD}.Release|iPhone.Build.0 = Loqu8|Any CPU
		{A2500BD2-A9A2-4085-9978-DEE3675B02DD}.Release|iPhoneSimulator.ActiveCfg = Loqu8|Any CPU
		{A2500BD2-A9A2-4085-9978-DEE3675B02DD}.Release|iPhoneSimulator.Build.0 = Loqu8|Any CPU
		{A2500BD2-A9A2-4085-9978-DEE3675B02DD}.Release|Mixed Platforms.ActiveCfg = Loqu8|Any CPU
		{A2500BD2-A9A2-4085-9978-DEE3675B02DD}.Release|Mixed Platforms.Build.0 = Loqu8|Any CPU
		{A2500BD2-A9A2-4085-9978-DEE3675B02DD}.Release|x64.ActiveCfg = Loqu8|Any CPU
		{A2500BD2-A9A2-4085-9978-DEE3675B02DD}.Release|x64.Build.0 = Loqu8|Any CPU
		{A2500BD2-A9A2-4085-9978-DEE3675B02DD}.Release|x86.ActiveCfg = Loqu8|Any CPU
		{A2500BD2-A9A2-4085-9978-DEE3675B02DD}.Release|x86.Build.0 = Loqu8|Any CPU
		{A2500BD2-A9A2-4085-9978-DEE3675B02DD}.SdkRel|Any CPU.ActiveCfg = Loqu8|Any CPU
		{A2500BD2-A9A2-4085-9978-DEE3675B02DD}.SdkRel|Any CPU.Build.0 = Loqu8|Any CPU
		{A2500BD2-A9A2-4085-9978-DEE3675B02DD}.SdkRel|ARM.ActiveCfg = Loqu8|Any CPU
		{A2500BD2-A9A2-4085-9978-DEE3675B02DD}.SdkRel|ARM.Build.0 = Loqu8|Any CPU
		{A2500BD2-A9A2-4085-9978-DEE3675B02DD}.SdkRel|iPhone.ActiveCfg = Loqu8|Any CPU
		{A2500BD2-A9A2-4085-9978-DEE3675B02DD}.SdkRel|iPhone.Build.0 = Loqu8|Any CPU
		{A2500BD2-A9A2-4085-9978-DEE3675B02DD}.SdkRel|iPhoneSimulator.ActiveCfg = Loqu8|Any CPU
		{A2500BD2-A9A2-4085-9978-DEE3675B02DD}.SdkRel|iPhoneSimulator.Build.0 = Loqu8|Any CPU
		{A2500BD2-A9A2-4085-9978-DEE3675B02DD}.SdkRel|Mixed Platforms.ActiveCfg = Loqu8|Any CPU
		{A2500BD2-A9A2-4085-9978-DEE3675B02DD}.SdkRel|Mixed Platforms.Build.0 = Loqu8|Any CPU
		{A2500BD2-A9A2-4085-9978-DEE3675B02DD}.SdkRel|x64.ActiveCfg = Loqu8|Any CPU
		{A2500BD2-A9A2-4085-9978-DEE3675B02DD}.SdkRel|x64.Build.0 = Loqu8|Any CPU
		{A2500BD2-A9A2-4085-9978-DEE3675B02DD}.SdkRel|x86.ActiveCfg = Loqu8|Any CPU
		{A2500BD2-A9A2-4085-9978-DEE3675B02DD}.SdkRel|x86.Build.0 = Loqu8|Any CPU
		{A2500BD2-A9A2-4085-9978-DEE3675B02DD}.Signed|Any CPU.ActiveCfg = Loqu8|Any CPU
		{A2500BD2-A9A2-4085-9978-DEE3675B02DD}.Signed|Any CPU.Build.0 = Loqu8|Any CPU
		{A2500BD2-A9A2-4085-9978-DEE3675B02DD}.Signed|ARM.ActiveCfg = Loqu8|Any CPU
		{A2500BD2-A9A2-4085-9978-DEE3675B02DD}.Signed|ARM.Build.0 = Loqu8|Any CPU
		{A2500BD2-A9A2-4085-9978-DEE3675B02DD}.Signed|iPhone.ActiveCfg = Loqu8|Any CPU
		{A2500BD2-A9A2-4085-9978-DEE3675B02DD}.Signed|iPhone.Build.0 = Loqu8|Any CPU
		{A2500BD2-A9A2-4085-9978-DEE3675B02DD}.Signed|iPhoneSimulator.ActiveCfg = Loqu8|Any CPU
		{A2500BD2-A9A2-4085-9978-DEE3675B02DD}.Signed|iPhoneSimulator.Build.0 = Loqu8|Any CPU
		{A2500BD2-A9A2-4085-9978-DEE3675B02DD}.Signed|Mixed Platforms.ActiveCfg = Loqu8|Any CPU
		{A2500BD2-A9A2-4085-9978-DEE3675B02DD}.Signed|Mixed Platforms.Build.0 = Loqu8|Any CPU
		{A2500BD2-A9A2-4085-9978-DEE3675B02DD}.Signed|x64.ActiveCfg = Loqu8|Any CPU
		{A2500BD2-A9A2-4085-9978-DEE3675B02DD}.Signed|x64.Build.0 = Loqu8|Any CPU
		{A2500BD2-A9A2-4085-9978-DEE3675B02DD}.Signed|x86.ActiveCfg = Loqu8|Any CPU
		{A2500BD2-A9A2-4085-9978-DEE3675B02DD}.Signed|x86.Build.0 = Loqu8|Any CPU
		{05B6709B-C25A-4C1D-8D61-9E05BEE0DB86}.AppStore|Any CPU.ActiveCfg = Release|Any CPU
		{05B6709B-C25A-4C1D-8D61-9E05BEE0DB86}.AppStore|Any CPU.Build.0 = Release|Any CPU
		{05B6709B-C25A-4C1D-8D61-9E05BEE0DB86}.AppStore|ARM.ActiveCfg = Release|Any CPU
		{05B6709B-C25A-4C1D-8D61-9E05BEE0DB86}.AppStore|iPhone.ActiveCfg = Release|Any CPU
		{05B6709B-C25A-4C1D-8D61-9E05BEE0DB86}.AppStore|iPhoneSimulator.ActiveCfg = Release|Any CPU
		{05B6709B-C25A-4C1D-8D61-9E05BEE0DB86}.AppStore|Mixed Platforms.ActiveCfg = Release|Any CPU
		{05B6709B-C25A-4C1D-8D61-9E05BEE0DB86}.AppStore|Mixed Platforms.Build.0 = Release|Any CPU
		{05B6709B-C25A-4C1D-8D61-9E05BEE0DB86}.AppStore|x64.ActiveCfg = Release|Any CPU
		{05B6709B-C25A-4C1D-8D61-9E05BEE0DB86}.AppStore|x86.ActiveCfg = Release|Any CPU
		{05B6709B-C25A-4C1D-8D61-9E05BEE0DB86}.Debug|Any CPU.ActiveCfg = Debug|Any CPU
		{05B6709B-C25A-4C1D-8D61-9E05BEE0DB86}.Debug|Any CPU.Build.0 = Debug|Any CPU
		{05B6709B-C25A-4C1D-8D61-9E05BEE0DB86}.Debug|ARM.ActiveCfg = Debug|Any CPU
		{05B6709B-C25A-4C1D-8D61-9E05BEE0DB86}.Debug|iPhone.ActiveCfg = Debug|Any CPU
		{05B6709B-C25A-4C1D-8D61-9E05BEE0DB86}.Debug|iPhoneSimulator.ActiveCfg = Debug|Any CPU
		{05B6709B-C25A-4C1D-8D61-9E05BEE0DB86}.Debug|Mixed Platforms.ActiveCfg = Debug|Any CPU
		{05B6709B-C25A-4C1D-8D61-9E05BEE0DB86}.Debug|Mixed Platforms.Build.0 = Debug|Any CPU
		{05B6709B-C25A-4C1D-8D61-9E05BEE0DB86}.Debug|x64.ActiveCfg = Debug|Any CPU
		{05B6709B-C25A-4C1D-8D61-9E05BEE0DB86}.Debug|x86.ActiveCfg = Debug|Any CPU
		{05B6709B-C25A-4C1D-8D61-9E05BEE0DB86}.Loqu8|Any CPU.ActiveCfg = Loqu8|Any CPU
		{05B6709B-C25A-4C1D-8D61-9E05BEE0DB86}.Loqu8|ARM.ActiveCfg = Loqu8|Any CPU
		{05B6709B-C25A-4C1D-8D61-9E05BEE0DB86}.Loqu8|ARM.Build.0 = Loqu8|Any CPU
		{05B6709B-C25A-4C1D-8D61-9E05BEE0DB86}.Loqu8|iPhone.ActiveCfg = Loqu8|Any CPU
		{05B6709B-C25A-4C1D-8D61-9E05BEE0DB86}.Loqu8|iPhone.Build.0 = Loqu8|Any CPU
		{05B6709B-C25A-4C1D-8D61-9E05BEE0DB86}.Loqu8|iPhoneSimulator.ActiveCfg = Loqu8|Any CPU
		{05B6709B-C25A-4C1D-8D61-9E05BEE0DB86}.Loqu8|iPhoneSimulator.Build.0 = Loqu8|Any CPU
		{05B6709B-C25A-4C1D-8D61-9E05BEE0DB86}.Loqu8|Mixed Platforms.ActiveCfg = Loqu8|Any CPU
		{05B6709B-C25A-4C1D-8D61-9E05BEE0DB86}.Loqu8|Mixed Platforms.Build.0 = Loqu8|Any CPU
		{05B6709B-C25A-4C1D-8D61-9E05BEE0DB86}.Loqu8|x64.ActiveCfg = Loqu8|Any CPU
		{05B6709B-C25A-4C1D-8D61-9E05BEE0DB86}.Loqu8|x64.Build.0 = Loqu8|Any CPU
		{05B6709B-C25A-4C1D-8D61-9E05BEE0DB86}.Loqu8|x86.ActiveCfg = Loqu8|Any CPU
		{05B6709B-C25A-4C1D-8D61-9E05BEE0DB86}.Loqu8|x86.Build.0 = Loqu8|Any CPU
		{05B6709B-C25A-4C1D-8D61-9E05BEE0DB86}.Release|Any CPU.ActiveCfg = Release|Any CPU
		{05B6709B-C25A-4C1D-8D61-9E05BEE0DB86}.Release|ARM.ActiveCfg = Release|Any CPU
		{05B6709B-C25A-4C1D-8D61-9E05BEE0DB86}.Release|iPhone.ActiveCfg = Release|Any CPU
		{05B6709B-C25A-4C1D-8D61-9E05BEE0DB86}.Release|iPhoneSimulator.ActiveCfg = Release|Any CPU
		{05B6709B-C25A-4C1D-8D61-9E05BEE0DB86}.Release|Mixed Platforms.ActiveCfg = Release|Any CPU
		{05B6709B-C25A-4C1D-8D61-9E05BEE0DB86}.Release|Mixed Platforms.Build.0 = Release|Any CPU
		{05B6709B-C25A-4C1D-8D61-9E05BEE0DB86}.Release|x64.ActiveCfg = Release|Any CPU
		{05B6709B-C25A-4C1D-8D61-9E05BEE0DB86}.Release|x86.ActiveCfg = Release|Any CPU
		{05B6709B-C25A-4C1D-8D61-9E05BEE0DB86}.SdkRel|Any CPU.ActiveCfg = Release|Any CPU
		{05B6709B-C25A-4C1D-8D61-9E05BEE0DB86}.SdkRel|Any CPU.Build.0 = Release|Any CPU
		{05B6709B-C25A-4C1D-8D61-9E05BEE0DB86}.SdkRel|ARM.ActiveCfg = Release|Any CPU
		{05B6709B-C25A-4C1D-8D61-9E05BEE0DB86}.SdkRel|iPhone.ActiveCfg = Release|Any CPU
		{05B6709B-C25A-4C1D-8D61-9E05BEE0DB86}.SdkRel|iPhoneSimulator.ActiveCfg = Release|Any CPU
		{05B6709B-C25A-4C1D-8D61-9E05BEE0DB86}.SdkRel|Mixed Platforms.ActiveCfg = Release|Any CPU
		{05B6709B-C25A-4C1D-8D61-9E05BEE0DB86}.SdkRel|Mixed Platforms.Build.0 = Release|Any CPU
		{05B6709B-C25A-4C1D-8D61-9E05BEE0DB86}.SdkRel|x64.ActiveCfg = Release|Any CPU
		{05B6709B-C25A-4C1D-8D61-9E05BEE0DB86}.SdkRel|x86.ActiveCfg = Release|Any CPU
		{05B6709B-C25A-4C1D-8D61-9E05BEE0DB86}.Signed|Any CPU.ActiveCfg = Release|Any CPU
		{05B6709B-C25A-4C1D-8D61-9E05BEE0DB86}.Signed|Any CPU.Build.0 = Release|Any CPU
		{05B6709B-C25A-4C1D-8D61-9E05BEE0DB86}.Signed|ARM.ActiveCfg = Release|Any CPU
		{05B6709B-C25A-4C1D-8D61-9E05BEE0DB86}.Signed|iPhone.ActiveCfg = Release|Any CPU
		{05B6709B-C25A-4C1D-8D61-9E05BEE0DB86}.Signed|iPhoneSimulator.ActiveCfg = Release|Any CPU
		{05B6709B-C25A-4C1D-8D61-9E05BEE0DB86}.Signed|Mixed Platforms.ActiveCfg = Release|Any CPU
		{05B6709B-C25A-4C1D-8D61-9E05BEE0DB86}.Signed|Mixed Platforms.Build.0 = Release|Any CPU
		{05B6709B-C25A-4C1D-8D61-9E05BEE0DB86}.Signed|x64.ActiveCfg = Release|Any CPU
		{05B6709B-C25A-4C1D-8D61-9E05BEE0DB86}.Signed|x86.ActiveCfg = Release|Any CPU
		{3CFFB62F-3384-4D71-BADC-7542D5C31A9E}.AppStore|Any CPU.ActiveCfg = Release|Any CPU
		{3CFFB62F-3384-4D71-BADC-7542D5C31A9E}.AppStore|Any CPU.Build.0 = Release|Any CPU
		{3CFFB62F-3384-4D71-BADC-7542D5C31A9E}.AppStore|ARM.ActiveCfg = Release|Any CPU
		{3CFFB62F-3384-4D71-BADC-7542D5C31A9E}.AppStore|iPhone.ActiveCfg = Release|Any CPU
		{3CFFB62F-3384-4D71-BADC-7542D5C31A9E}.AppStore|iPhoneSimulator.ActiveCfg = Release|Any CPU
		{3CFFB62F-3384-4D71-BADC-7542D5C31A9E}.AppStore|Mixed Platforms.ActiveCfg = Release|Any CPU
		{3CFFB62F-3384-4D71-BADC-7542D5C31A9E}.AppStore|Mixed Platforms.Build.0 = Release|Any CPU
		{3CFFB62F-3384-4D71-BADC-7542D5C31A9E}.AppStore|x64.ActiveCfg = Release|Any CPU
		{3CFFB62F-3384-4D71-BADC-7542D5C31A9E}.AppStore|x86.ActiveCfg = Release|Any CPU
		{3CFFB62F-3384-4D71-BADC-7542D5C31A9E}.Debug|Any CPU.ActiveCfg = Debug|Any CPU
		{3CFFB62F-3384-4D71-BADC-7542D5C31A9E}.Debug|Any CPU.Build.0 = Debug|Any CPU
		{3CFFB62F-3384-4D71-BADC-7542D5C31A9E}.Debug|ARM.ActiveCfg = Debug|Any CPU
		{3CFFB62F-3384-4D71-BADC-7542D5C31A9E}.Debug|iPhone.ActiveCfg = Debug|Any CPU
		{3CFFB62F-3384-4D71-BADC-7542D5C31A9E}.Debug|iPhoneSimulator.ActiveCfg = Debug|Any CPU
		{3CFFB62F-3384-4D71-BADC-7542D5C31A9E}.Debug|Mixed Platforms.ActiveCfg = Debug|Any CPU
		{3CFFB62F-3384-4D71-BADC-7542D5C31A9E}.Debug|Mixed Platforms.Build.0 = Debug|Any CPU
		{3CFFB62F-3384-4D71-BADC-7542D5C31A9E}.Debug|x64.ActiveCfg = Debug|Any CPU
		{3CFFB62F-3384-4D71-BADC-7542D5C31A9E}.Debug|x86.ActiveCfg = Debug|Any CPU
		{3CFFB62F-3384-4D71-BADC-7542D5C31A9E}.Loqu8|Any CPU.ActiveCfg = Loqu8|Any CPU
		{3CFFB62F-3384-4D71-BADC-7542D5C31A9E}.Loqu8|ARM.ActiveCfg = Loqu8|Any CPU
		{3CFFB62F-3384-4D71-BADC-7542D5C31A9E}.Loqu8|ARM.Build.0 = Loqu8|Any CPU
		{3CFFB62F-3384-4D71-BADC-7542D5C31A9E}.Loqu8|iPhone.ActiveCfg = Loqu8|Any CPU
		{3CFFB62F-3384-4D71-BADC-7542D5C31A9E}.Loqu8|iPhone.Build.0 = Loqu8|Any CPU
		{3CFFB62F-3384-4D71-BADC-7542D5C31A9E}.Loqu8|iPhoneSimulator.ActiveCfg = Loqu8|Any CPU
		{3CFFB62F-3384-4D71-BADC-7542D5C31A9E}.Loqu8|iPhoneSimulator.Build.0 = Loqu8|Any CPU
		{3CFFB62F-3384-4D71-BADC-7542D5C31A9E}.Loqu8|Mixed Platforms.ActiveCfg = Loqu8|Any CPU
		{3CFFB62F-3384-4D71-BADC-7542D5C31A9E}.Loqu8|Mixed Platforms.Build.0 = Loqu8|Any CPU
		{3CFFB62F-3384-4D71-BADC-7542D5C31A9E}.Loqu8|x64.ActiveCfg = Loqu8|Any CPU
		{3CFFB62F-3384-4D71-BADC-7542D5C31A9E}.Loqu8|x64.Build.0 = Loqu8|Any CPU
		{3CFFB62F-3384-4D71-BADC-7542D5C31A9E}.Loqu8|x86.ActiveCfg = Loqu8|Any CPU
		{3CFFB62F-3384-4D71-BADC-7542D5C31A9E}.Loqu8|x86.Build.0 = Loqu8|Any CPU
		{3CFFB62F-3384-4D71-BADC-7542D5C31A9E}.Release|Any CPU.ActiveCfg = Release|Any CPU
		{3CFFB62F-3384-4D71-BADC-7542D5C31A9E}.Release|ARM.ActiveCfg = Release|Any CPU
		{3CFFB62F-3384-4D71-BADC-7542D5C31A9E}.Release|iPhone.ActiveCfg = Release|Any CPU
		{3CFFB62F-3384-4D71-BADC-7542D5C31A9E}.Release|iPhoneSimulator.ActiveCfg = Release|Any CPU
		{3CFFB62F-3384-4D71-BADC-7542D5C31A9E}.Release|Mixed Platforms.ActiveCfg = Release|Any CPU
		{3CFFB62F-3384-4D71-BADC-7542D5C31A9E}.Release|Mixed Platforms.Build.0 = Release|Any CPU
		{3CFFB62F-3384-4D71-BADC-7542D5C31A9E}.Release|x64.ActiveCfg = Release|Any CPU
		{3CFFB62F-3384-4D71-BADC-7542D5C31A9E}.Release|x86.ActiveCfg = Release|Any CPU
		{3CFFB62F-3384-4D71-BADC-7542D5C31A9E}.SdkRel|Any CPU.ActiveCfg = Release|Any CPU
		{3CFFB62F-3384-4D71-BADC-7542D5C31A9E}.SdkRel|Any CPU.Build.0 = Release|Any CPU
		{3CFFB62F-3384-4D71-BADC-7542D5C31A9E}.SdkRel|ARM.ActiveCfg = Release|Any CPU
		{3CFFB62F-3384-4D71-BADC-7542D5C31A9E}.SdkRel|iPhone.ActiveCfg = Release|Any CPU
		{3CFFB62F-3384-4D71-BADC-7542D5C31A9E}.SdkRel|iPhoneSimulator.ActiveCfg = Release|Any CPU
		{3CFFB62F-3384-4D71-BADC-7542D5C31A9E}.SdkRel|Mixed Platforms.ActiveCfg = Release|Any CPU
		{3CFFB62F-3384-4D71-BADC-7542D5C31A9E}.SdkRel|Mixed Platforms.Build.0 = Release|Any CPU
		{3CFFB62F-3384-4D71-BADC-7542D5C31A9E}.SdkRel|x64.ActiveCfg = Release|Any CPU
		{3CFFB62F-3384-4D71-BADC-7542D5C31A9E}.SdkRel|x86.ActiveCfg = Release|Any CPU
		{3CFFB62F-3384-4D71-BADC-7542D5C31A9E}.Signed|Any CPU.ActiveCfg = Release|Any CPU
		{3CFFB62F-3384-4D71-BADC-7542D5C31A9E}.Signed|Any CPU.Build.0 = Release|Any CPU
		{3CFFB62F-3384-4D71-BADC-7542D5C31A9E}.Signed|ARM.ActiveCfg = Release|Any CPU
		{3CFFB62F-3384-4D71-BADC-7542D5C31A9E}.Signed|iPhone.ActiveCfg = Release|Any CPU
		{3CFFB62F-3384-4D71-BADC-7542D5C31A9E}.Signed|iPhoneSimulator.ActiveCfg = Release|Any CPU
		{3CFFB62F-3384-4D71-BADC-7542D5C31A9E}.Signed|Mixed Platforms.ActiveCfg = Release|Any CPU
		{3CFFB62F-3384-4D71-BADC-7542D5C31A9E}.Signed|Mixed Platforms.Build.0 = Release|Any CPU
		{3CFFB62F-3384-4D71-BADC-7542D5C31A9E}.Signed|x64.ActiveCfg = Release|Any CPU
		{3CFFB62F-3384-4D71-BADC-7542D5C31A9E}.Signed|x86.ActiveCfg = Release|Any CPU
		{CD5D8A3A-5631-41BF-8161-8A2A7F892B71}.AppStore|Any CPU.ActiveCfg = Release|Any CPU
		{CD5D8A3A-5631-41BF-8161-8A2A7F892B71}.AppStore|Any CPU.Build.0 = Release|Any CPU
		{CD5D8A3A-5631-41BF-8161-8A2A7F892B71}.AppStore|ARM.ActiveCfg = Release|Any CPU
		{CD5D8A3A-5631-41BF-8161-8A2A7F892B71}.AppStore|iPhone.ActiveCfg = Release|Any CPU
		{CD5D8A3A-5631-41BF-8161-8A2A7F892B71}.AppStore|iPhoneSimulator.ActiveCfg = Release|Any CPU
		{CD5D8A3A-5631-41BF-8161-8A2A7F892B71}.AppStore|Mixed Platforms.ActiveCfg = Release|Any CPU
		{CD5D8A3A-5631-41BF-8161-8A2A7F892B71}.AppStore|Mixed Platforms.Build.0 = Release|Any CPU
		{CD5D8A3A-5631-41BF-8161-8A2A7F892B71}.AppStore|x64.ActiveCfg = Release|Any CPU
		{CD5D8A3A-5631-41BF-8161-8A2A7F892B71}.AppStore|x86.ActiveCfg = Release|Any CPU
		{CD5D8A3A-5631-41BF-8161-8A2A7F892B71}.Debug|Any CPU.ActiveCfg = Debug|Any CPU
		{CD5D8A3A-5631-41BF-8161-8A2A7F892B71}.Debug|Any CPU.Build.0 = Debug|Any CPU
		{CD5D8A3A-5631-41BF-8161-8A2A7F892B71}.Debug|ARM.ActiveCfg = Debug|Any CPU
		{CD5D8A3A-5631-41BF-8161-8A2A7F892B71}.Debug|iPhone.ActiveCfg = Debug|Any CPU
		{CD5D8A3A-5631-41BF-8161-8A2A7F892B71}.Debug|iPhoneSimulator.ActiveCfg = Debug|Any CPU
		{CD5D8A3A-5631-41BF-8161-8A2A7F892B71}.Debug|Mixed Platforms.ActiveCfg = Debug|Any CPU
		{CD5D8A3A-5631-41BF-8161-8A2A7F892B71}.Debug|Mixed Platforms.Build.0 = Debug|Any CPU
		{CD5D8A3A-5631-41BF-8161-8A2A7F892B71}.Debug|x64.ActiveCfg = Debug|Any CPU
		{CD5D8A3A-5631-41BF-8161-8A2A7F892B71}.Debug|x86.ActiveCfg = Debug|Any CPU
		{CD5D8A3A-5631-41BF-8161-8A2A7F892B71}.Loqu8|Any CPU.ActiveCfg = Loqu8|Any CPU
		{CD5D8A3A-5631-41BF-8161-8A2A7F892B71}.Loqu8|ARM.ActiveCfg = Loqu8|Any CPU
		{CD5D8A3A-5631-41BF-8161-8A2A7F892B71}.Loqu8|ARM.Build.0 = Loqu8|Any CPU
		{CD5D8A3A-5631-41BF-8161-8A2A7F892B71}.Loqu8|iPhone.ActiveCfg = Loqu8|Any CPU
		{CD5D8A3A-5631-41BF-8161-8A2A7F892B71}.Loqu8|iPhone.Build.0 = Loqu8|Any CPU
		{CD5D8A3A-5631-41BF-8161-8A2A7F892B71}.Loqu8|iPhoneSimulator.ActiveCfg = Loqu8|Any CPU
		{CD5D8A3A-5631-41BF-8161-8A2A7F892B71}.Loqu8|iPhoneSimulator.Build.0 = Loqu8|Any CPU
		{CD5D8A3A-5631-41BF-8161-8A2A7F892B71}.Loqu8|Mixed Platforms.ActiveCfg = Loqu8|Any CPU
		{CD5D8A3A-5631-41BF-8161-8A2A7F892B71}.Loqu8|Mixed Platforms.Build.0 = Loqu8|Any CPU
		{CD5D8A3A-5631-41BF-8161-8A2A7F892B71}.Loqu8|x64.ActiveCfg = Loqu8|Any CPU
		{CD5D8A3A-5631-41BF-8161-8A2A7F892B71}.Loqu8|x64.Build.0 = Loqu8|Any CPU
		{CD5D8A3A-5631-41BF-8161-8A2A7F892B71}.Loqu8|x86.ActiveCfg = Loqu8|Any CPU
		{CD5D8A3A-5631-41BF-8161-8A2A7F892B71}.Loqu8|x86.Build.0 = Loqu8|Any CPU
		{CD5D8A3A-5631-41BF-8161-8A2A7F892B71}.Release|Any CPU.ActiveCfg = Release|Any CPU
		{CD5D8A3A-5631-41BF-8161-8A2A7F892B71}.Release|ARM.ActiveCfg = Release|Any CPU
		{CD5D8A3A-5631-41BF-8161-8A2A7F892B71}.Release|iPhone.ActiveCfg = Release|Any CPU
		{CD5D8A3A-5631-41BF-8161-8A2A7F892B71}.Release|iPhoneSimulator.ActiveCfg = Release|Any CPU
		{CD5D8A3A-5631-41BF-8161-8A2A7F892B71}.Release|Mixed Platforms.ActiveCfg = Release|Any CPU
		{CD5D8A3A-5631-41BF-8161-8A2A7F892B71}.Release|Mixed Platforms.Build.0 = Release|Any CPU
		{CD5D8A3A-5631-41BF-8161-8A2A7F892B71}.Release|x64.ActiveCfg = Release|Any CPU
		{CD5D8A3A-5631-41BF-8161-8A2A7F892B71}.Release|x86.ActiveCfg = Release|Any CPU
		{CD5D8A3A-5631-41BF-8161-8A2A7F892B71}.SdkRel|Any CPU.ActiveCfg = Release|Any CPU
		{CD5D8A3A-5631-41BF-8161-8A2A7F892B71}.SdkRel|Any CPU.Build.0 = Release|Any CPU
		{CD5D8A3A-5631-41BF-8161-8A2A7F892B71}.SdkRel|ARM.ActiveCfg = Release|Any CPU
		{CD5D8A3A-5631-41BF-8161-8A2A7F892B71}.SdkRel|iPhone.ActiveCfg = Release|Any CPU
		{CD5D8A3A-5631-41BF-8161-8A2A7F892B71}.SdkRel|iPhoneSimulator.ActiveCfg = Release|Any CPU
		{CD5D8A3A-5631-41BF-8161-8A2A7F892B71}.SdkRel|Mixed Platforms.ActiveCfg = Release|Any CPU
		{CD5D8A3A-5631-41BF-8161-8A2A7F892B71}.SdkRel|Mixed Platforms.Build.0 = Release|Any CPU
		{CD5D8A3A-5631-41BF-8161-8A2A7F892B71}.SdkRel|x64.ActiveCfg = Release|Any CPU
		{CD5D8A3A-5631-41BF-8161-8A2A7F892B71}.SdkRel|x86.ActiveCfg = Release|Any CPU
		{CD5D8A3A-5631-41BF-8161-8A2A7F892B71}.Signed|Any CPU.ActiveCfg = Release|Any CPU
		{CD5D8A3A-5631-41BF-8161-8A2A7F892B71}.Signed|Any CPU.Build.0 = Release|Any CPU
		{CD5D8A3A-5631-41BF-8161-8A2A7F892B71}.Signed|ARM.ActiveCfg = Release|Any CPU
		{CD5D8A3A-5631-41BF-8161-8A2A7F892B71}.Signed|iPhone.ActiveCfg = Release|Any CPU
		{CD5D8A3A-5631-41BF-8161-8A2A7F892B71}.Signed|iPhoneSimulator.ActiveCfg = Release|Any CPU
		{CD5D8A3A-5631-41BF-8161-8A2A7F892B71}.Signed|Mixed Platforms.ActiveCfg = Release|Any CPU
		{CD5D8A3A-5631-41BF-8161-8A2A7F892B71}.Signed|Mixed Platforms.Build.0 = Release|Any CPU
		{CD5D8A3A-5631-41BF-8161-8A2A7F892B71}.Signed|x64.ActiveCfg = Release|Any CPU
		{CD5D8A3A-5631-41BF-8161-8A2A7F892B71}.Signed|x86.ActiveCfg = Release|Any CPU
		{04FC5444-1240-41D7-9AA8-648B9A465C9D}.AppStore|Any CPU.ActiveCfg = Debug|Any CPU
		{04FC5444-1240-41D7-9AA8-648B9A465C9D}.AppStore|Any CPU.Build.0 = Debug|Any CPU
		{04FC5444-1240-41D7-9AA8-648B9A465C9D}.AppStore|ARM.ActiveCfg = Debug|Any CPU
		{04FC5444-1240-41D7-9AA8-648B9A465C9D}.AppStore|ARM.Build.0 = Debug|Any CPU
		{04FC5444-1240-41D7-9AA8-648B9A465C9D}.AppStore|iPhone.ActiveCfg = Debug|Any CPU
		{04FC5444-1240-41D7-9AA8-648B9A465C9D}.AppStore|iPhone.Build.0 = Debug|Any CPU
		{04FC5444-1240-41D7-9AA8-648B9A465C9D}.AppStore|iPhoneSimulator.ActiveCfg = Debug|Any CPU
		{04FC5444-1240-41D7-9AA8-648B9A465C9D}.AppStore|iPhoneSimulator.Build.0 = Debug|Any CPU
		{04FC5444-1240-41D7-9AA8-648B9A465C9D}.AppStore|Mixed Platforms.ActiveCfg = Debug|Any CPU
		{04FC5444-1240-41D7-9AA8-648B9A465C9D}.AppStore|Mixed Platforms.Build.0 = Debug|Any CPU
		{04FC5444-1240-41D7-9AA8-648B9A465C9D}.AppStore|x64.ActiveCfg = Debug|Any CPU
		{04FC5444-1240-41D7-9AA8-648B9A465C9D}.AppStore|x64.Build.0 = Debug|Any CPU
		{04FC5444-1240-41D7-9AA8-648B9A465C9D}.AppStore|x86.ActiveCfg = Debug|Any CPU
		{04FC5444-1240-41D7-9AA8-648B9A465C9D}.AppStore|x86.Build.0 = Debug|Any CPU
		{04FC5444-1240-41D7-9AA8-648B9A465C9D}.Debug|Any CPU.ActiveCfg = Debug|Any CPU
		{04FC5444-1240-41D7-9AA8-648B9A465C9D}.Debug|Any CPU.Build.0 = Debug|Any CPU
		{04FC5444-1240-41D7-9AA8-648B9A465C9D}.Debug|ARM.ActiveCfg = Debug|Any CPU
		{04FC5444-1240-41D7-9AA8-648B9A465C9D}.Debug|ARM.Build.0 = Debug|Any CPU
		{04FC5444-1240-41D7-9AA8-648B9A465C9D}.Debug|iPhone.ActiveCfg = Debug|Any CPU
		{04FC5444-1240-41D7-9AA8-648B9A465C9D}.Debug|iPhone.Build.0 = Debug|Any CPU
		{04FC5444-1240-41D7-9AA8-648B9A465C9D}.Debug|iPhoneSimulator.ActiveCfg = Debug|Any CPU
		{04FC5444-1240-41D7-9AA8-648B9A465C9D}.Debug|iPhoneSimulator.Build.0 = Debug|Any CPU
		{04FC5444-1240-41D7-9AA8-648B9A465C9D}.Debug|Mixed Platforms.ActiveCfg = Debug|Any CPU
		{04FC5444-1240-41D7-9AA8-648B9A465C9D}.Debug|Mixed Platforms.Build.0 = Debug|Any CPU
		{04FC5444-1240-41D7-9AA8-648B9A465C9D}.Debug|x64.ActiveCfg = Debug|Any CPU
		{04FC5444-1240-41D7-9AA8-648B9A465C9D}.Debug|x64.Build.0 = Debug|Any CPU
		{04FC5444-1240-41D7-9AA8-648B9A465C9D}.Debug|x86.ActiveCfg = Debug|Any CPU
		{04FC5444-1240-41D7-9AA8-648B9A465C9D}.Debug|x86.Build.0 = Debug|Any CPU
		{04FC5444-1240-41D7-9AA8-648B9A465C9D}.Loqu8|Any CPU.ActiveCfg = Release|Any CPU
		{04FC5444-1240-41D7-9AA8-648B9A465C9D}.Loqu8|Any CPU.Build.0 = Release|Any CPU
		{04FC5444-1240-41D7-9AA8-648B9A465C9D}.Loqu8|ARM.ActiveCfg = Release|Any CPU
		{04FC5444-1240-41D7-9AA8-648B9A465C9D}.Loqu8|ARM.Build.0 = Release|Any CPU
		{04FC5444-1240-41D7-9AA8-648B9A465C9D}.Loqu8|iPhone.ActiveCfg = Release|Any CPU
		{04FC5444-1240-41D7-9AA8-648B9A465C9D}.Loqu8|iPhone.Build.0 = Release|Any CPU
		{04FC5444-1240-41D7-9AA8-648B9A465C9D}.Loqu8|iPhoneSimulator.ActiveCfg = Release|Any CPU
		{04FC5444-1240-41D7-9AA8-648B9A465C9D}.Loqu8|iPhoneSimulator.Build.0 = Release|Any CPU
		{04FC5444-1240-41D7-9AA8-648B9A465C9D}.Loqu8|Mixed Platforms.ActiveCfg = Release|Any CPU
		{04FC5444-1240-41D7-9AA8-648B9A465C9D}.Loqu8|Mixed Platforms.Build.0 = Release|Any CPU
		{04FC5444-1240-41D7-9AA8-648B9A465C9D}.Loqu8|x64.ActiveCfg = Release|Any CPU
		{04FC5444-1240-41D7-9AA8-648B9A465C9D}.Loqu8|x64.Build.0 = Release|Any CPU
		{04FC5444-1240-41D7-9AA8-648B9A465C9D}.Loqu8|x86.ActiveCfg = Release|Any CPU
		{04FC5444-1240-41D7-9AA8-648B9A465C9D}.Loqu8|x86.Build.0 = Release|Any CPU
		{04FC5444-1240-41D7-9AA8-648B9A465C9D}.Release|Any CPU.ActiveCfg = Release|Any CPU
		{04FC5444-1240-41D7-9AA8-648B9A465C9D}.Release|Any CPU.Build.0 = Release|Any CPU
		{04FC5444-1240-41D7-9AA8-648B9A465C9D}.Release|ARM.ActiveCfg = Release|Any CPU
		{04FC5444-1240-41D7-9AA8-648B9A465C9D}.Release|ARM.Build.0 = Release|Any CPU
		{04FC5444-1240-41D7-9AA8-648B9A465C9D}.Release|iPhone.ActiveCfg = Release|Any CPU
		{04FC5444-1240-41D7-9AA8-648B9A465C9D}.Release|iPhone.Build.0 = Release|Any CPU
		{04FC5444-1240-41D7-9AA8-648B9A465C9D}.Release|iPhoneSimulator.ActiveCfg = Release|Any CPU
		{04FC5444-1240-41D7-9AA8-648B9A465C9D}.Release|iPhoneSimulator.Build.0 = Release|Any CPU
		{04FC5444-1240-41D7-9AA8-648B9A465C9D}.Release|Mixed Platforms.ActiveCfg = Release|Any CPU
		{04FC5444-1240-41D7-9AA8-648B9A465C9D}.Release|Mixed Platforms.Build.0 = Release|Any CPU
		{04FC5444-1240-41D7-9AA8-648B9A465C9D}.Release|x64.ActiveCfg = Release|Any CPU
		{04FC5444-1240-41D7-9AA8-648B9A465C9D}.Release|x64.Build.0 = Release|Any CPU
		{04FC5444-1240-41D7-9AA8-648B9A465C9D}.Release|x86.ActiveCfg = Release|Any CPU
		{04FC5444-1240-41D7-9AA8-648B9A465C9D}.Release|x86.Build.0 = Release|Any CPU
		{04FC5444-1240-41D7-9AA8-648B9A465C9D}.SdkRel|Any CPU.ActiveCfg = Debug|Any CPU
		{04FC5444-1240-41D7-9AA8-648B9A465C9D}.SdkRel|Any CPU.Build.0 = Debug|Any CPU
		{04FC5444-1240-41D7-9AA8-648B9A465C9D}.SdkRel|ARM.ActiveCfg = Debug|Any CPU
		{04FC5444-1240-41D7-9AA8-648B9A465C9D}.SdkRel|ARM.Build.0 = Debug|Any CPU
		{04FC5444-1240-41D7-9AA8-648B9A465C9D}.SdkRel|iPhone.ActiveCfg = Debug|Any CPU
		{04FC5444-1240-41D7-9AA8-648B9A465C9D}.SdkRel|iPhone.Build.0 = Debug|Any CPU
		{04FC5444-1240-41D7-9AA8-648B9A465C9D}.SdkRel|iPhoneSimulator.ActiveCfg = Debug|Any CPU
		{04FC5444-1240-41D7-9AA8-648B9A465C9D}.SdkRel|iPhoneSimulator.Build.0 = Debug|Any CPU
		{04FC5444-1240-41D7-9AA8-648B9A465C9D}.SdkRel|Mixed Platforms.ActiveCfg = Debug|Any CPU
		{04FC5444-1240-41D7-9AA8-648B9A465C9D}.SdkRel|Mixed Platforms.Build.0 = Debug|Any CPU
		{04FC5444-1240-41D7-9AA8-648B9A465C9D}.SdkRel|x64.ActiveCfg = Debug|Any CPU
		{04FC5444-1240-41D7-9AA8-648B9A465C9D}.SdkRel|x64.Build.0 = Debug|Any CPU
		{04FC5444-1240-41D7-9AA8-648B9A465C9D}.SdkRel|x86.ActiveCfg = Debug|Any CPU
		{04FC5444-1240-41D7-9AA8-648B9A465C9D}.SdkRel|x86.Build.0 = Debug|Any CPU
		{04FC5444-1240-41D7-9AA8-648B9A465C9D}.Signed|Any CPU.ActiveCfg = Debug|Any CPU
		{04FC5444-1240-41D7-9AA8-648B9A465C9D}.Signed|Any CPU.Build.0 = Debug|Any CPU
		{04FC5444-1240-41D7-9AA8-648B9A465C9D}.Signed|ARM.ActiveCfg = Debug|Any CPU
		{04FC5444-1240-41D7-9AA8-648B9A465C9D}.Signed|ARM.Build.0 = Debug|Any CPU
		{04FC5444-1240-41D7-9AA8-648B9A465C9D}.Signed|iPhone.ActiveCfg = Debug|Any CPU
		{04FC5444-1240-41D7-9AA8-648B9A465C9D}.Signed|iPhone.Build.0 = Debug|Any CPU
		{04FC5444-1240-41D7-9AA8-648B9A465C9D}.Signed|iPhoneSimulator.ActiveCfg = Debug|Any CPU
		{04FC5444-1240-41D7-9AA8-648B9A465C9D}.Signed|iPhoneSimulator.Build.0 = Debug|Any CPU
		{04FC5444-1240-41D7-9AA8-648B9A465C9D}.Signed|Mixed Platforms.ActiveCfg = Debug|Any CPU
		{04FC5444-1240-41D7-9AA8-648B9A465C9D}.Signed|Mixed Platforms.Build.0 = Debug|Any CPU
		{04FC5444-1240-41D7-9AA8-648B9A465C9D}.Signed|x64.ActiveCfg = Debug|Any CPU
		{04FC5444-1240-41D7-9AA8-648B9A465C9D}.Signed|x64.Build.0 = Debug|Any CPU
		{04FC5444-1240-41D7-9AA8-648B9A465C9D}.Signed|x86.ActiveCfg = Debug|Any CPU
		{04FC5444-1240-41D7-9AA8-648B9A465C9D}.Signed|x86.Build.0 = Debug|Any CPU
		{99C2F464-172A-4B49-93B7-9B0E4FED1310}.AppStore|Any CPU.ActiveCfg = Debug|Any CPU
		{99C2F464-172A-4B49-93B7-9B0E4FED1310}.AppStore|Any CPU.Build.0 = Debug|Any CPU
		{99C2F464-172A-4B49-93B7-9B0E4FED1310}.AppStore|ARM.ActiveCfg = Debug|Any CPU
		{99C2F464-172A-4B49-93B7-9B0E4FED1310}.AppStore|ARM.Build.0 = Debug|Any CPU
		{99C2F464-172A-4B49-93B7-9B0E4FED1310}.AppStore|iPhone.ActiveCfg = Debug|Any CPU
		{99C2F464-172A-4B49-93B7-9B0E4FED1310}.AppStore|iPhone.Build.0 = Debug|Any CPU
		{99C2F464-172A-4B49-93B7-9B0E4FED1310}.AppStore|iPhoneSimulator.ActiveCfg = Debug|Any CPU
		{99C2F464-172A-4B49-93B7-9B0E4FED1310}.AppStore|iPhoneSimulator.Build.0 = Debug|Any CPU
		{99C2F464-172A-4B49-93B7-9B0E4FED1310}.AppStore|Mixed Platforms.ActiveCfg = Debug|Any CPU
		{99C2F464-172A-4B49-93B7-9B0E4FED1310}.AppStore|Mixed Platforms.Build.0 = Debug|Any CPU
		{99C2F464-172A-4B49-93B7-9B0E4FED1310}.AppStore|x64.ActiveCfg = Debug|Any CPU
		{99C2F464-172A-4B49-93B7-9B0E4FED1310}.AppStore|x64.Build.0 = Debug|Any CPU
		{99C2F464-172A-4B49-93B7-9B0E4FED1310}.AppStore|x86.ActiveCfg = Debug|Any CPU
		{99C2F464-172A-4B49-93B7-9B0E4FED1310}.AppStore|x86.Build.0 = Debug|Any CPU
		{99C2F464-172A-4B49-93B7-9B0E4FED1310}.Debug|Any CPU.ActiveCfg = Debug|Any CPU
		{99C2F464-172A-4B49-93B7-9B0E4FED1310}.Debug|Any CPU.Build.0 = Debug|Any CPU
		{99C2F464-172A-4B49-93B7-9B0E4FED1310}.Debug|ARM.ActiveCfg = Debug|Any CPU
		{99C2F464-172A-4B49-93B7-9B0E4FED1310}.Debug|ARM.Build.0 = Debug|Any CPU
		{99C2F464-172A-4B49-93B7-9B0E4FED1310}.Debug|iPhone.ActiveCfg = Debug|Any CPU
		{99C2F464-172A-4B49-93B7-9B0E4FED1310}.Debug|iPhone.Build.0 = Debug|Any CPU
		{99C2F464-172A-4B49-93B7-9B0E4FED1310}.Debug|iPhoneSimulator.ActiveCfg = Debug|Any CPU
		{99C2F464-172A-4B49-93B7-9B0E4FED1310}.Debug|iPhoneSimulator.Build.0 = Debug|Any CPU
		{99C2F464-172A-4B49-93B7-9B0E4FED1310}.Debug|Mixed Platforms.ActiveCfg = Debug|Any CPU
		{99C2F464-172A-4B49-93B7-9B0E4FED1310}.Debug|Mixed Platforms.Build.0 = Debug|Any CPU
		{99C2F464-172A-4B49-93B7-9B0E4FED1310}.Debug|x64.ActiveCfg = Debug|Any CPU
		{99C2F464-172A-4B49-93B7-9B0E4FED1310}.Debug|x64.Build.0 = Debug|Any CPU
		{99C2F464-172A-4B49-93B7-9B0E4FED1310}.Debug|x86.ActiveCfg = Debug|Any CPU
		{99C2F464-172A-4B49-93B7-9B0E4FED1310}.Debug|x86.Build.0 = Debug|Any CPU
		{99C2F464-172A-4B49-93B7-9B0E4FED1310}.Loqu8|Any CPU.ActiveCfg = Loqu8|Any CPU
		{99C2F464-172A-4B49-93B7-9B0E4FED1310}.Loqu8|Any CPU.Build.0 = Loqu8|Any CPU
		{99C2F464-172A-4B49-93B7-9B0E4FED1310}.Loqu8|ARM.ActiveCfg = Loqu8|Any CPU
		{99C2F464-172A-4B49-93B7-9B0E4FED1310}.Loqu8|ARM.Build.0 = Loqu8|Any CPU
		{99C2F464-172A-4B49-93B7-9B0E4FED1310}.Loqu8|iPhone.ActiveCfg = Loqu8|Any CPU
		{99C2F464-172A-4B49-93B7-9B0E4FED1310}.Loqu8|iPhone.Build.0 = Loqu8|Any CPU
		{99C2F464-172A-4B49-93B7-9B0E4FED1310}.Loqu8|iPhoneSimulator.ActiveCfg = Loqu8|Any CPU
		{99C2F464-172A-4B49-93B7-9B0E4FED1310}.Loqu8|iPhoneSimulator.Build.0 = Loqu8|Any CPU
		{99C2F464-172A-4B49-93B7-9B0E4FED1310}.Loqu8|Mixed Platforms.ActiveCfg = Loqu8|Any CPU
		{99C2F464-172A-4B49-93B7-9B0E4FED1310}.Loqu8|Mixed Platforms.Build.0 = Loqu8|Any CPU
		{99C2F464-172A-4B49-93B7-9B0E4FED1310}.Loqu8|x64.ActiveCfg = Loqu8|Any CPU
		{99C2F464-172A-4B49-93B7-9B0E4FED1310}.Loqu8|x64.Build.0 = Loqu8|Any CPU
		{99C2F464-172A-4B49-93B7-9B0E4FED1310}.Loqu8|x86.ActiveCfg = Loqu8|Any CPU
		{99C2F464-172A-4B49-93B7-9B0E4FED1310}.Loqu8|x86.Build.0 = Loqu8|Any CPU
		{99C2F464-172A-4B49-93B7-9B0E4FED1310}.Release|Any CPU.ActiveCfg = Release|Any CPU
		{99C2F464-172A-4B49-93B7-9B0E4FED1310}.Release|Any CPU.Build.0 = Release|Any CPU
		{99C2F464-172A-4B49-93B7-9B0E4FED1310}.Release|ARM.ActiveCfg = Release|Any CPU
		{99C2F464-172A-4B49-93B7-9B0E4FED1310}.Release|ARM.Build.0 = Release|Any CPU
		{99C2F464-172A-4B49-93B7-9B0E4FED1310}.Release|iPhone.ActiveCfg = Release|Any CPU
		{99C2F464-172A-4B49-93B7-9B0E4FED1310}.Release|iPhone.Build.0 = Release|Any CPU
		{99C2F464-172A-4B49-93B7-9B0E4FED1310}.Release|iPhoneSimulator.ActiveCfg = Release|Any CPU
		{99C2F464-172A-4B49-93B7-9B0E4FED1310}.Release|iPhoneSimulator.Build.0 = Release|Any CPU
		{99C2F464-172A-4B49-93B7-9B0E4FED1310}.Release|Mixed Platforms.ActiveCfg = Release|Any CPU
		{99C2F464-172A-4B49-93B7-9B0E4FED1310}.Release|Mixed Platforms.Build.0 = Release|Any CPU
		{99C2F464-172A-4B49-93B7-9B0E4FED1310}.Release|x64.ActiveCfg = Release|Any CPU
		{99C2F464-172A-4B49-93B7-9B0E4FED1310}.Release|x64.Build.0 = Release|Any CPU
		{99C2F464-172A-4B49-93B7-9B0E4FED1310}.Release|x86.ActiveCfg = Release|Any CPU
		{99C2F464-172A-4B49-93B7-9B0E4FED1310}.Release|x86.Build.0 = Release|Any CPU
		{99C2F464-172A-4B49-93B7-9B0E4FED1310}.SdkRel|Any CPU.ActiveCfg = Debug|Any CPU
		{99C2F464-172A-4B49-93B7-9B0E4FED1310}.SdkRel|Any CPU.Build.0 = Debug|Any CPU
		{99C2F464-172A-4B49-93B7-9B0E4FED1310}.SdkRel|ARM.ActiveCfg = Debug|Any CPU
		{99C2F464-172A-4B49-93B7-9B0E4FED1310}.SdkRel|ARM.Build.0 = Debug|Any CPU
		{99C2F464-172A-4B49-93B7-9B0E4FED1310}.SdkRel|iPhone.ActiveCfg = Debug|Any CPU
		{99C2F464-172A-4B49-93B7-9B0E4FED1310}.SdkRel|iPhone.Build.0 = Debug|Any CPU
		{99C2F464-172A-4B49-93B7-9B0E4FED1310}.SdkRel|iPhoneSimulator.ActiveCfg = Debug|Any CPU
		{99C2F464-172A-4B49-93B7-9B0E4FED1310}.SdkRel|iPhoneSimulator.Build.0 = Debug|Any CPU
		{99C2F464-172A-4B49-93B7-9B0E4FED1310}.SdkRel|Mixed Platforms.ActiveCfg = Debug|Any CPU
		{99C2F464-172A-4B49-93B7-9B0E4FED1310}.SdkRel|Mixed Platforms.Build.0 = Debug|Any CPU
		{99C2F464-172A-4B49-93B7-9B0E4FED1310}.SdkRel|x64.ActiveCfg = Debug|Any CPU
		{99C2F464-172A-4B49-93B7-9B0E4FED1310}.SdkRel|x64.Build.0 = Debug|Any CPU
		{99C2F464-172A-4B49-93B7-9B0E4FED1310}.SdkRel|x86.ActiveCfg = Debug|Any CPU
		{99C2F464-172A-4B49-93B7-9B0E4FED1310}.SdkRel|x86.Build.0 = Debug|Any CPU
		{99C2F464-172A-4B49-93B7-9B0E4FED1310}.Signed|Any CPU.ActiveCfg = Debug|Any CPU
		{99C2F464-172A-4B49-93B7-9B0E4FED1310}.Signed|Any CPU.Build.0 = Debug|Any CPU
		{99C2F464-172A-4B49-93B7-9B0E4FED1310}.Signed|ARM.ActiveCfg = Debug|Any CPU
		{99C2F464-172A-4B49-93B7-9B0E4FED1310}.Signed|ARM.Build.0 = Debug|Any CPU
		{99C2F464-172A-4B49-93B7-9B0E4FED1310}.Signed|iPhone.ActiveCfg = Debug|Any CPU
		{99C2F464-172A-4B49-93B7-9B0E4FED1310}.Signed|iPhone.Build.0 = Debug|Any CPU
		{99C2F464-172A-4B49-93B7-9B0E4FED1310}.Signed|iPhoneSimulator.ActiveCfg = Debug|Any CPU
		{99C2F464-172A-4B49-93B7-9B0E4FED1310}.Signed|iPhoneSimulator.Build.0 = Debug|Any CPU
		{99C2F464-172A-4B49-93B7-9B0E4FED1310}.Signed|Mixed Platforms.ActiveCfg = Debug|Any CPU
		{99C2F464-172A-4B49-93B7-9B0E4FED1310}.Signed|Mixed Platforms.Build.0 = Debug|Any CPU
		{99C2F464-172A-4B49-93B7-9B0E4FED1310}.Signed|x64.ActiveCfg = Debug|Any CPU
		{99C2F464-172A-4B49-93B7-9B0E4FED1310}.Signed|x64.Build.0 = Debug|Any CPU
		{99C2F464-172A-4B49-93B7-9B0E4FED1310}.Signed|x86.ActiveCfg = Debug|Any CPU
		{99C2F464-172A-4B49-93B7-9B0E4FED1310}.Signed|x86.Build.0 = Debug|Any CPU
	EndGlobalSection
	GlobalSection(SolutionProperties) = preSolution
		HideSolutionNode = FALSE
	EndGlobalSection
	GlobalSection(NestedProjects) = preSolution
		{D8BBC92A-B213-463B-911D-3A106F91D5F9} = {45E57CDC-7178-4915-8D0B-CF80F5E44AF6}
		{A2500BD2-A9A2-4085-9978-DEE3675B02DD} = {45E57CDC-7178-4915-8D0B-CF80F5E44AF6}
		{05B6709B-C25A-4C1D-8D61-9E05BEE0DB86} = {E71D0135-3872-467B-9C4C-D6B6FEF2665C}
		{3CFFB62F-3384-4D71-BADC-7542D5C31A9E} = {E71D0135-3872-467B-9C4C-D6B6FEF2665C}
		{CD5D8A3A-5631-41BF-8161-8A2A7F892B71} = {E71D0135-3872-467B-9C4C-D6B6FEF2665C}
		{04FC5444-1240-41D7-9AA8-648B9A465C9D} = {28D05719-6DC4-4962-BC7E-75F9C72E695C}
		{99C2F464-172A-4B49-93B7-9B0E4FED1310} = {28D05719-6DC4-4962-BC7E-75F9C72E695C}
	EndGlobalSection
EndGlobal
